
Microsoft Visual Studio Solution File, Format Version 12.00
# Visual Studio Version 17
VisualStudioVersion = 17.8.34511.84
MinimumVisualStudioVersion = 10.0.40219.1
Project("{FAE04EC0-301F-11D3-BF4B-00C04F79EFBC}") = "W02 - (Thuc hanh) Giai phuong trinh bac nhat", "W02 - Cau lenh dieu kien\W02 - (Thuc hanh) Giai phuong trinh bac nhat.csproj", "{F96E0417-F9E0-412F-810B-2DA1B737E9D2}"
EndProject
Project("{FAE04EC0-301F-11D3-BF4B-00C04F79EFBC}") = "W02 - (Thuc hanh) Tinh so can nang cua co the", "W02- (Thuc hanh) Tinh so can nang cua co the\W02 - (Thuc hanh) Tinh so can nang cua co the.csproj", "{C2613A05-24AA-4B01-A819-3BD31E1DE0F1}"
EndProject
Project("{FAE04EC0-301F-11D3-BF4B-00C04F79EFBC}") = "W02 - (Bai tap) Ung dung doc so thanh chu", "(Bai tap) Ung dung doc so thanh chu\W02 - (Bai tap) Ung dung doc so thanh chu.csproj", "{6D56491B-F0DE-4967-8423-BB0892B6C935}"
EndProject
Global
	GlobalSection(SolutionConfigurationPlatforms) = preSolution
		Debug|Any CPU = Debug|Any CPU
		Release|Any CPU = Release|Any CPU
	EndGlobalSection
	GlobalSection(ProjectConfigurationPlatforms) = postSolution
		{F96E0417-F9E0-412F-810B-2DA1B737E9D2}.Debug|Any CPU.ActiveCfg = Debug|Any CPU
		{F96E0417-F9E0-412F-810B-2DA1B737E9D2}.Debug|Any CPU.Build.0 = Debug|Any CPU
		{F96E0417-F9E0-412F-810B-2DA1B737E9D2}.Release|Any CPU.ActiveCfg = Release|Any CPU
		{F96E0417-F9E0-412F-810B-2DA1B737E9D2}.Release|Any CPU.Build.0 = Release|Any CPU
		{C2613A05-24AA-4B01-A819-3BD31E1DE0F1}.Debug|Any CPU.ActiveCfg = Debug|Any CPU
		{C2613A05-24AA-4B01-A819-3BD31E1DE0F1}.Debug|Any CPU.Build.0 = Debug|Any CPU
		{C2613A05-24AA-4B01-A819-3BD31E1DE0F1}.Release|Any CPU.ActiveCfg = Release|Any CPU
		{C2613A05-24AA-4B01-A819-3BD31E1DE0F1}.Release|Any CPU.Build.0 = Release|Any CPU
		{6D56491B-F0DE-4967-8423-BB0892B6C935}.Debug|Any CPU.ActiveCfg = Debug|Any CPU
		{6D56491B-F0DE-4967-8423-BB0892B6C935}.Debug|Any CPU.Build.0 = Debug|Any CPU
		{6D56491B-F0DE-4967-8423-BB0892B6C935}.Release|Any CPU.ActiveCfg = Release|Any CPU
		{6D56491B-F0DE-4967-8423-BB0892B6C935}.Release|Any CPU.Build.0 = Release|Any CPU
	EndGlobalSection
	GlobalSection(SolutionProperties) = preSolution
		HideSolutionNode = FALSE
	EndGlobalSection
	GlobalSection(ExtensibilityGlobals) = postSolution
		SolutionGuid = {F7B8747D-6F05-40A7-A452-A3CB1FDACB0D}
	EndGlobalSection
EndGlobal
