
Microsoft Visual Studio Solution File, Format Version 12.00
# Visual Studio Version 17
VisualStudioVersion = 17.8.34511.84
MinimumVisualStudioVersion = 10.0.40219.1
Project("{FAE04EC0-301F-11D3-BF4B-00C04F79EFBC}") = "Buoi2_Cau lenh dieu kien", "Buoi2\Buoi2_Cau lenh dieu kien.csproj", "{10625299-1304-42EF-86CF-5B75A19D490E}"
EndProject
Project("{FAE04EC0-301F-11D3-BF4B-00C04F79EFBC}") = "Buoi4_Thuc hanh cau lenh dieu kien", "Buoi4\Buoi4_Thuc hanh cau lenh dieu kien.csproj", "{1FF5C2F8-3861-400E-8AFA-E22910056FEF}"
EndProject
Project("{FAE04EC0-301F-11D3-BF4B-00C04F79EFBC}") = "Buoi5_Cau truc lap", "Buoi5_Cau truc lap\Buoi5_Cau truc lap.csproj", "{6AAE45D2-6631-4C3F-9F91-E89A6E000AEB}"
EndProject
Project("{FAE04EC0-301F-11D3-BF4B-00C04F79EFBC}") = "Buoi6_Cau truc lap 2", "Buoi6_Cau truc lap 2\Buoi6_Cau truc lap 2.csproj", "{0A8C6C82-BF54-4AEF-911C-6D46B20827CF}"
EndProject
Project("{FAE04EC0-301F-11D3-BF4B-00C04F79EFBC}") = "Buoi7_Mang", "Buoi7_\Buoi7_Mang.csproj", "{EA6ED643-2D30-4A9A-A513-FF9D9A4CF32B}"
EndProject
Project("{FAE04EC0-301F-11D3-BF4B-00C04F79EFBC}") = "Buoi8_Ham va phuong thuc", "Buoi8_Ham va phuong thuc\Buoi8_Ham va phuong thuc.csproj", "{51968694-B3CB-4481-A69C-24F3B342A95F}"
EndProject
Project("{FAE04EC0-301F-11D3-BF4B-00C04F79EFBC}") = "Du an ran san moi (undone)", "Buoi9_\Du an ran san moi (undone).csproj", "{34AC0B07-97FC-4C5B-BD9D-2BFB11748829}"
EndProject
Project("{FAE04EC0-301F-11D3-BF4B-00C04F79EFBC}") = "Buoi9_Lop va Doi tuong", "Buoi9_Lop va Doi tuong\Buoi9_Lop va Doi tuong.csproj", "{38D18B75-6E69-4C4C-BA3B-FAD36C6C3AAD}"
EndProject
Project("{FAE04EC0-301F-11D3-BF4B-00C04F79EFBC}") = "Buoi10_", "Buoi10_\Buoi10_.csproj", "{8223F656-24D9-41FB-A312-6ACC9E3DF0B1}"
EndProject
Project("{FAE04EC0-301F-11D3-BF4B-00C04F79EFBC}") = "Buoi11_", "Buoi11_\Buoi11_.csproj", "{95817505-FAE4-4BE4-8510-95F0B08DC5C9}"
EndProject
Project("{FAE04EC0-301F-11D3-BF4B-00C04F79EFBC}") = "Buoi12_", "Buoi12_\Buoi12_.csproj", "{ACF2629F-0052-4DA3-A1D0-3760223613F3}"
EndProject
Global
	GlobalSection(SolutionConfigurationPlatforms) = preSolution
		Debug|Any CPU = Debug|Any CPU
		Release|Any CPU = Release|Any CPU
	EndGlobalSection
	GlobalSection(ProjectConfigurationPlatforms) = postSolution
		{10625299-1304-42EF-86CF-5B75A19D490E}.Debug|Any CPU.ActiveCfg = Debug|Any CPU
		{10625299-1304-42EF-86CF-5B75A19D490E}.Debug|Any CPU.Build.0 = Debug|Any CPU
		{10625299-1304-42EF-86CF-5B75A19D490E}.Release|Any CPU.ActiveCfg = Release|Any CPU
		{10625299-1304-42EF-86CF-5B75A19D490E}.Release|Any CPU.Build.0 = Release|Any CPU
		{1FF5C2F8-3861-400E-8AFA-E22910056FEF}.Debug|Any CPU.ActiveCfg = Debug|Any CPU
		{1FF5C2F8-3861-400E-8AFA-E22910056FEF}.Debug|Any CPU.Build.0 = Debug|Any CPU
		{1FF5C2F8-3861-400E-8AFA-E22910056FEF}.Release|Any CPU.ActiveCfg = Release|Any CPU
		{1FF5C2F8-3861-400E-8AFA-E22910056FEF}.Release|Any CPU.Build.0 = Release|Any CPU
		{6AAE45D2-6631-4C3F-9F91-E89A6E000AEB}.Debug|Any CPU.ActiveCfg = Debug|Any CPU
		{6AAE45D2-6631-4C3F-9F91-E89A6E000AEB}.Debug|Any CPU.Build.0 = Debug|Any CPU
		{6AAE45D2-6631-4C3F-9F91-E89A6E000AEB}.Release|Any CPU.ActiveCfg = Release|Any CPU
		{6AAE45D2-6631-4C3F-9F91-E89A6E000AEB}.Release|Any CPU.Build.0 = Release|Any CPU
		{0A8C6C82-BF54-4AEF-911C-6D46B20827CF}.Debug|Any CPU.ActiveCfg = Debug|Any CPU
		{0A8C6C82-BF54-4AEF-911C-6D46B20827CF}.Debug|Any CPU.Build.0 = Debug|Any CPU
		{0A8C6C82-BF54-4AEF-911C-6D46B20827CF}.Release|Any CPU.ActiveCfg = Release|Any CPU
		{0A8C6C82-BF54-4AEF-911C-6D46B20827CF}.Release|Any CPU.Build.0 = Release|Any CPU
		{EA6ED643-2D30-4A9A-A513-FF9D9A4CF32B}.Debug|Any CPU.ActiveCfg = Debug|Any CPU
		{EA6ED643-2D30-4A9A-A513-FF9D9A4CF32B}.Debug|Any CPU.Build.0 = Debug|Any CPU
		{EA6ED643-2D30-4A9A-A513-FF9D9A4CF32B}.Release|Any CPU.ActiveCfg = Release|Any CPU
		{EA6ED643-2D30-4A9A-A513-FF9D9A4CF32B}.Release|Any CPU.Build.0 = Release|Any CPU
		{51968694-B3CB-4481-A69C-24F3B342A95F}.Debug|Any CPU.ActiveCfg = Debug|Any CPU
		{51968694-B3CB-4481-A69C-24F3B342A95F}.Debug|Any CPU.Build.0 = Debug|Any CPU
		{51968694-B3CB-4481-A69C-24F3B342A95F}.Release|Any CPU.ActiveCfg = Release|Any CPU
		{51968694-B3CB-4481-A69C-24F3B342A95F}.Release|Any CPU.Build.0 = Release|Any CPU
		{34AC0B07-97FC-4C5B-BD9D-2BFB11748829}.Debug|Any CPU.ActiveCfg = Debug|Any CPU
		{34AC0B07-97FC-4C5B-BD9D-2BFB11748829}.Debug|Any CPU.Build.0 = Debug|Any CPU
		{34AC0B07-97FC-4C5B-BD9D-2BFB11748829}.Release|Any CPU.ActiveCfg = Release|Any CPU
		{34AC0B07-97FC-4C5B-BD9D-2BFB11748829}.Release|Any CPU.Build.0 = Release|Any CPU
		{38D18B75-6E69-4C4C-BA3B-FAD36C6C3AAD}.Debug|Any CPU.ActiveCfg = Debug|Any CPU
		{38D18B75-6E69-4C4C-BA3B-FAD36C6C3AAD}.Debug|Any CPU.Build.0 = Debug|Any CPU
		{38D18B75-6E69-4C4C-BA3B-FAD36C6C3AAD}.Release|Any CPU.ActiveCfg = Release|Any CPU
		{38D18B75-6E69-4C4C-BA3B-FAD36C6C3AAD}.Release|Any CPU.Build.0 = Release|Any CPU
		{8223F656-24D9-41FB-A312-6ACC9E3DF0B1}.Debug|Any CPU.ActiveCfg = Debug|Any CPU
		{8223F656-24D9-41FB-A312-6ACC9E3DF0B1}.Debug|Any CPU.Build.0 = Debug|Any CPU
		{8223F656-24D9-41FB-A312-6ACC9E3DF0B1}.Release|Any CPU.ActiveCfg = Release|Any CPU
		{8223F656-24D9-41FB-A312-6ACC9E3DF0B1}.Release|Any CPU.Build.0 = Release|Any CPU
		{95817505-FAE4-4BE4-8510-95F0B08DC5C9}.Debug|Any CPU.ActiveCfg = Debug|Any CPU
		{95817505-FAE4-4BE4-8510-95F0B08DC5C9}.Debug|Any CPU.Build.0 = Debug|Any CPU
		{95817505-FAE4-4BE4-8510-95F0B08DC5C9}.Release|Any CPU.ActiveCfg = Release|Any CPU
		{95817505-FAE4-4BE4-8510-95F0B08DC5C9}.Release|Any CPU.Build.0 = Release|Any CPU
		{ACF2629F-0052-4DA3-A1D0-3760223613F3}.Debug|Any CPU.ActiveCfg = Debug|Any CPU
		{ACF2629F-0052-4DA3-A1D0-3760223613F3}.Debug|Any CPU.Build.0 = Debug|Any CPU
		{ACF2629F-0052-4DA3-A1D0-3760223613F3}.Release|Any CPU.ActiveCfg = Release|Any CPU
		{ACF2629F-0052-4DA3-A1D0-3760223613F3}.Release|Any CPU.Build.0 = Release|Any CPU
	EndGlobalSection
	GlobalSection(SolutionProperties) = preSolution
		HideSolutionNode = FALSE
	EndGlobalSection
	GlobalSection(ExtensibilityGlobals) = postSolution
		SolutionGuid = {291BB97C-D4DB-4C33-BA2E-9E1D53554B51}
	EndGlobalSection
EndGlobal
